
Microsoft Visual Studio Solution File, Format Version 12.00
# Visual Studio Version 17
VisualStudioVersion = 17.1.32210.238
MinimumVisualStudioVersion = 10.0.40219.1
Project("{9A19103F-16F7-4668-BE54-9A1E7A4F7556}") = "Calculator", "Calculator.csproj", "{E0191D74-41E5-4C79-A372-2AB969239032}"
EndProject
Project("{FAE04EC0-301F-11D3-BF4B-00C04F79EFBC}") = "Specflowcalculator", "..\Specflowcalculator\Specflowcalculator.csproj", "{3FF886BF-E1BB-4AD5-8FFF-DCDDB824DACA}"
EndProject
Global
	GlobalSection(SolutionConfigurationPlatforms) = preSolution
		Debug|Any CPU = Debug|Any CPU
		Release|Any CPU = Release|Any CPU
	EndGlobalSection
	GlobalSection(ProjectConfigurationPlatforms) = postSolution
		{E0191D74-41E5-4C79-A372-2AB969239032}.Debug|Any CPU.ActiveCfg = Debug|Any CPU
		{E0191D74-41E5-4C79-A372-2AB969239032}.Debug|Any CPU.Build.0 = Debug|Any CPU
		{E0191D74-41E5-4C79-A372-2AB969239032}.Release|Any CPU.ActiveCfg = Release|Any CPU
		{E0191D74-41E5-4C79-A372-2AB969239032}.Release|Any CPU.Build.0 = Release|Any CPU
		{3FF886BF-E1BB-4AD5-8FFF-DCDDB824DACA}.Debug|Any CPU.ActiveCfg = Debug|Any CPU
		{3FF886BF-E1BB-4AD5-8FFF-DCDDB824DACA}.Debug|Any CPU.Build.0 = Debug|Any CPU
		{3FF886BF-E1BB-4AD5-8FFF-DCDDB824DACA}.Release|Any CPU.ActiveCfg = Release|Any CPU
		{3FF886BF-E1BB-4AD5-8FFF-DCDDB824DACA}.Release|Any CPU.Build.0 = Release|Any CPU
	EndGlobalSection
	GlobalSection(SolutionProperties) = preSolution
		HideSolutionNode = FALSE
	EndGlobalSection
	GlobalSection(ExtensibilityGlobals) = postSolution
		SolutionGuid = {A862052E-8512-4D9B-9BBD-748B80951B72}
	EndGlobalSection
EndGlobal
